
Microsoft Visual Studio Solution File, Format Version 12.00
# Visual Studio Version 17
VisualStudioVersion = 17.10.35122.118
MinimumVisualStudioVersion = 10.0.40219.1
Project("{888888A0-9F3D-457C-B088-3A5042F75D52}") = "Formulario python-04", "Formulario python-04\Formulario python-04.pyproj", "{317B26D0-5C22-4B5D-AA08-6DB8252281FA}"
EndProject
Global
	GlobalSection(SolutionConfigurationPlatforms) = preSolution
		Debug|Any CPU = Debug|Any CPU
		Release|Any CPU = Release|Any CPU
	EndGlobalSection
	GlobalSection(ProjectConfigurationPlatforms) = postSolution
		{317B26D0-5C22-4B5D-AA08-6DB8252281FA}.Debug|Any CPU.ActiveCfg = Debug|Any CPU
		{317B26D0-5C22-4B5D-AA08-6DB8252281FA}.Release|Any CPU.ActiveCfg = Release|Any CPU
	EndGlobalSection
	GlobalSection(SolutionProperties) = preSolution
		HideSolutionNode = FALSE
	EndGlobalSection
	GlobalSection(ExtensibilityGlobals) = postSolution
		SolutionGuid = {A00B7BC1-0857-421B-90C2-1C35B4BD2F49}
	EndGlobalSection
EndGlobal
